
Microsoft Visual Studio Solution File, Format Version 12.00
# Visual Studio 15
VisualStudioVersion = 15.0.28307.572
MinimumVisualStudioVersion = 10.0.40219.1
Project("{FAE04EC0-301F-11D3-BF4B-00C04F79EFBC}") = "Exercitiu_15", "Exercitiu_15\Exercitiu_15.csproj", "{568642B8-B814-4F29-A8C2-C12AEF8ED3A6}"
EndProject
Global
	GlobalSection(SolutionConfigurationPlatforms) = preSolution
		Debug|Any CPU = Debug|Any CPU
		Release|Any CPU = Release|Any CPU
	EndGlobalSection
	GlobalSection(ProjectConfigurationPlatforms) = postSolution
		{568642B8-B814-4F29-A8C2-C12AEF8ED3A6}.Debug|Any CPU.ActiveCfg = Debug|Any CPU
		{568642B8-B814-4F29-A8C2-C12AEF8ED3A6}.Debug|Any CPU.Build.0 = Debug|Any CPU
		{568642B8-B814-4F29-A8C2-C12AEF8ED3A6}.Release|Any CPU.ActiveCfg = Release|Any CPU
		{568642B8-B814-4F29-A8C2-C12AEF8ED3A6}.Release|Any CPU.Build.0 = Release|Any CPU
	EndGlobalSection
	GlobalSection(SolutionProperties) = preSolution
		HideSolutionNode = FALSE
	EndGlobalSection
	GlobalSection(ExtensibilityGlobals) = postSolution
		SolutionGuid = {DBB721F9-EFE7-4EA7-B352-25FD5860C46B}
	EndGlobalSection
EndGlobal
