
Microsoft Visual Studio Solution File, Format Version 12.00
# Visual Studio 15
VisualStudioVersion = 15.0.28307.572
MinimumVisualStudioVersion = 10.0.40219.1
Project("{FAE04EC0-301F-11D3-BF4B-00C04F79EFBC}") = "Exercitiu_13", "Exercitiu_13\Exercitiu_13.csproj", "{A52F11FB-CA12-4964-BDA3-FE32045CE56E}"
EndProject
Global
	GlobalSection(SolutionConfigurationPlatforms) = preSolution
		Debug|Any CPU = Debug|Any CPU
		Release|Any CPU = Release|Any CPU
	EndGlobalSection
	GlobalSection(ProjectConfigurationPlatforms) = postSolution
		{A52F11FB-CA12-4964-BDA3-FE32045CE56E}.Debug|Any CPU.ActiveCfg = Debug|Any CPU
		{A52F11FB-CA12-4964-BDA3-FE32045CE56E}.Debug|Any CPU.Build.0 = Debug|Any CPU
		{A52F11FB-CA12-4964-BDA3-FE32045CE56E}.Release|Any CPU.ActiveCfg = Release|Any CPU
		{A52F11FB-CA12-4964-BDA3-FE32045CE56E}.Release|Any CPU.Build.0 = Release|Any CPU
	EndGlobalSection
	GlobalSection(SolutionProperties) = preSolution
		HideSolutionNode = FALSE
	EndGlobalSection
	GlobalSection(ExtensibilityGlobals) = postSolution
		SolutionGuid = {45BD5210-9D4C-4DD9-BA0E-49042EDEBEFA}
	EndGlobalSection
EndGlobal
