
Microsoft Visual Studio Solution File, Format Version 12.00
# Visual Studio 15
VisualStudioVersion = 15.0.28307.572
MinimumVisualStudioVersion = 10.0.40219.1
Project("{FAE04EC0-301F-11D3-BF4B-00C04F79EFBC}") = "Exercitiu_12", "Exercitiu_12\Exercitiu_12.csproj", "{C8722B20-21ED-425E-8533-3835D63A5F08}"
EndProject
Global
	GlobalSection(SolutionConfigurationPlatforms) = preSolution
		Debug|Any CPU = Debug|Any CPU
		Release|Any CPU = Release|Any CPU
	EndGlobalSection
	GlobalSection(ProjectConfigurationPlatforms) = postSolution
		{C8722B20-21ED-425E-8533-3835D63A5F08}.Debug|Any CPU.ActiveCfg = Debug|Any CPU
		{C8722B20-21ED-425E-8533-3835D63A5F08}.Debug|Any CPU.Build.0 = Debug|Any CPU
		{C8722B20-21ED-425E-8533-3835D63A5F08}.Release|Any CPU.ActiveCfg = Release|Any CPU
		{C8722B20-21ED-425E-8533-3835D63A5F08}.Release|Any CPU.Build.0 = Release|Any CPU
	EndGlobalSection
	GlobalSection(SolutionProperties) = preSolution
		HideSolutionNode = FALSE
	EndGlobalSection
	GlobalSection(ExtensibilityGlobals) = postSolution
		SolutionGuid = {CC4B1F88-E1B6-4BE4-A9B9-472ABEA297E2}
	EndGlobalSection
EndGlobal
