
Microsoft Visual Studio Solution File, Format Version 12.00
# Visual Studio 15
VisualStudioVersion = 15.0.28307.572
MinimumVisualStudioVersion = 10.0.40219.1
Project("{FAE04EC0-301F-11D3-BF4B-00C04F79EFBC}") = "Exercitiu_3", "Exercitiu_3\Exercitiu_3.csproj", "{21D975F1-DE01-4B16-89C0-FB0E79047B85}"
EndProject
Global
	GlobalSection(SolutionConfigurationPlatforms) = preSolution
		Debug|Any CPU = Debug|Any CPU
		Release|Any CPU = Release|Any CPU
	EndGlobalSection
	GlobalSection(ProjectConfigurationPlatforms) = postSolution
		{21D975F1-DE01-4B16-89C0-FB0E79047B85}.Debug|Any CPU.ActiveCfg = Debug|Any CPU
		{21D975F1-DE01-4B16-89C0-FB0E79047B85}.Debug|Any CPU.Build.0 = Debug|Any CPU
		{21D975F1-DE01-4B16-89C0-FB0E79047B85}.Release|Any CPU.ActiveCfg = Release|Any CPU
		{21D975F1-DE01-4B16-89C0-FB0E79047B85}.Release|Any CPU.Build.0 = Release|Any CPU
	EndGlobalSection
	GlobalSection(SolutionProperties) = preSolution
		HideSolutionNode = FALSE
	EndGlobalSection
	GlobalSection(ExtensibilityGlobals) = postSolution
		SolutionGuid = {AD40DD02-95AE-4731-87F4-C02107AAF9B2}
	EndGlobalSection
EndGlobal
