
Microsoft Visual Studio Solution File, Format Version 12.00
# Visual Studio 15
VisualStudioVersion = 15.0.28307.572
MinimumVisualStudioVersion = 10.0.40219.1
Project("{FAE04EC0-301F-11D3-BF4B-00C04F79EFBC}") = "Tema1.2_Conversion", "Tema1.2_Conversion\Tema1.2_Conversion.csproj", "{D7427CAA-0BBA-49E9-BC8F-5781921048AA}"
EndProject
Global
	GlobalSection(SolutionConfigurationPlatforms) = preSolution
		Debug|Any CPU = Debug|Any CPU
		Release|Any CPU = Release|Any CPU
	EndGlobalSection
	GlobalSection(ProjectConfigurationPlatforms) = postSolution
		{D7427CAA-0BBA-49E9-BC8F-5781921048AA}.Debug|Any CPU.ActiveCfg = Debug|Any CPU
		{D7427CAA-0BBA-49E9-BC8F-5781921048AA}.Debug|Any CPU.Build.0 = Debug|Any CPU
		{D7427CAA-0BBA-49E9-BC8F-5781921048AA}.Release|Any CPU.ActiveCfg = Release|Any CPU
		{D7427CAA-0BBA-49E9-BC8F-5781921048AA}.Release|Any CPU.Build.0 = Release|Any CPU
	EndGlobalSection
	GlobalSection(SolutionProperties) = preSolution
		HideSolutionNode = FALSE
	EndGlobalSection
	GlobalSection(ExtensibilityGlobals) = postSolution
		SolutionGuid = {D6AEB775-0131-4AE8-9926-F82AB8EA20E5}
	EndGlobalSection
EndGlobal
