
Microsoft Visual Studio Solution File, Format Version 12.00
# Visual Studio 15
VisualStudioVersion = 15.0.28307.572
MinimumVisualStudioVersion = 10.0.40219.1
Project("{FAE04EC0-301F-11D3-BF4B-00C04F79EFBC}") = "Exercitiu_20", "Exercitiu_20\Exercitiu_20.csproj", "{573AA843-1477-471D-8BAE-71E5D63453DC}"
EndProject
Global
	GlobalSection(SolutionConfigurationPlatforms) = preSolution
		Debug|Any CPU = Debug|Any CPU
		Release|Any CPU = Release|Any CPU
	EndGlobalSection
	GlobalSection(ProjectConfigurationPlatforms) = postSolution
		{573AA843-1477-471D-8BAE-71E5D63453DC}.Debug|Any CPU.ActiveCfg = Debug|Any CPU
		{573AA843-1477-471D-8BAE-71E5D63453DC}.Debug|Any CPU.Build.0 = Debug|Any CPU
		{573AA843-1477-471D-8BAE-71E5D63453DC}.Release|Any CPU.ActiveCfg = Release|Any CPU
		{573AA843-1477-471D-8BAE-71E5D63453DC}.Release|Any CPU.Build.0 = Release|Any CPU
	EndGlobalSection
	GlobalSection(SolutionProperties) = preSolution
		HideSolutionNode = FALSE
	EndGlobalSection
	GlobalSection(ExtensibilityGlobals) = postSolution
		SolutionGuid = {E810BBDD-EA6A-49BC-A2B6-68B94DF20495}
	EndGlobalSection
EndGlobal
